
Microsoft Visual Studio Solution File, Format Version 12.00
# Visual Studio Version 16
VisualStudioVersion = 16.0.34031.81
MinimumVisualStudioVersion = 10.0.40219.1
Project("{FAE04EC0-301F-11D3-BF4B-00C04F79EFBC}") = "TareaCurso_Anahi", "TareaCurso_Anahi\TareaCurso_Anahi.csproj", "{1306BC1F-99CE-48BA-BC06-B28CBB2CBD77}"
EndProject
Global
	GlobalSection(SolutionConfigurationPlatforms) = preSolution
		Debug|Any CPU = Debug|Any CPU
		Release|Any CPU = Release|Any CPU
	EndGlobalSection
	GlobalSection(ProjectConfigurationPlatforms) = postSolution
		{1306BC1F-99CE-48BA-BC06-B28CBB2CBD77}.Debug|Any CPU.ActiveCfg = Debug|Any CPU
		{1306BC1F-99CE-48BA-BC06-B28CBB2CBD77}.Debug|Any CPU.Build.0 = Debug|Any CPU
		{1306BC1F-99CE-48BA-BC06-B28CBB2CBD77}.Release|Any CPU.ActiveCfg = Release|Any CPU
		{1306BC1F-99CE-48BA-BC06-B28CBB2CBD77}.Release|Any CPU.Build.0 = Release|Any CPU
	EndGlobalSection
	GlobalSection(SolutionProperties) = preSolution
		HideSolutionNode = FALSE
	EndGlobalSection
	GlobalSection(ExtensibilityGlobals) = postSolution
		SolutionGuid = {5AFEE2FA-BF88-4334-8024-97B0E1539739}
	EndGlobalSection
EndGlobal
